
Microsoft Visual Studio Solution File, Format Version 12.00
# Visual Studio Version 17
VisualStudioVersion = 17.0.31512.422
MinimumVisualStudioVersion = 10.0.40219.1
Project("{FAE04EC0-301F-11D3-BF4B-00C04F79EFBC}") = "ShadracPhoneRepairFinial1", "ShadracPhoneRepairFinial1.csproj", "{7BA5A587-0D25-40ED-9A72-6359D6DF5423}"
EndProject
Global
	GlobalSection(SolutionConfigurationPlatforms) = preSolution
		Debug|Any CPU = Debug|Any CPU
		Release|Any CPU = Release|Any CPU
	EndGlobalSection
	GlobalSection(ProjectConfigurationPlatforms) = postSolution
		{7BA5A587-0D25-40ED-9A72-6359D6DF5423}.Debug|Any CPU.ActiveCfg = Debug|Any CPU
		{7BA5A587-0D25-40ED-9A72-6359D6DF5423}.Debug|Any CPU.Build.0 = Debug|Any CPU
		{7BA5A587-0D25-40ED-9A72-6359D6DF5423}.Release|Any CPU.ActiveCfg = Release|Any CPU
		{7BA5A587-0D25-40ED-9A72-6359D6DF5423}.Release|Any CPU.Build.0 = Release|Any CPU
	EndGlobalSection
	GlobalSection(SolutionProperties) = preSolution
		HideSolutionNode = FALSE
	EndGlobalSection
	GlobalSection(ExtensibilityGlobals) = postSolution
		SolutionGuid = {6ADA1EA3-F619-4379-BE57-521878572263}
	EndGlobalSection
EndGlobal
